// !$*UTF8*$!
{
	archiveVersion = 1;
	classes = {
	};
	objectVersion = 46;
	objects = {

/* Begin PBXBuildFile section */
		DE9469D81C7F37AD007A0378 /* main.m in Sources */ = {isa = PBXBuildFile; fileRef = DE9469D71C7F37AD007A0378 /* main.m */; };
		DE9469DB1C7F37AD007A0378 /* AppDelegate.m in Sources */ = {isa = PBXBuildFile; fileRef = DE9469DA1C7F37AD007A0378 /* AppDelegate.m */; };
		DE9469DE1C7F37AD007A0378 /* ViewController.m in Sources */ = {isa = PBXBuildFile; fileRef = DE9469DD1C7F37AD007A0378 /* ViewController.m */; };
		DE9469E11C7F37AD007A0378 /* Main.storyboard in Resources */ = {isa = PBXBuildFile; fileRef = DE9469DF1C7F37AD007A0378 /* Main.storyboard */; };
		DE9469E31C7F37AD007A0378 /* Assets.xcassets in Resources */ = {isa = PBXBuildFile; fileRef = DE9469E21C7F37AD007A0378 /* Assets.xcassets */; };
		DE9469E61C7F37AD007A0378 /* LaunchScreen.storyboard in Resources */ = {isa = PBXBuildFile; fileRef = DE9469E41C7F37AD007A0378 /* LaunchScreen.storyboard */; };
/* End PBXBuildFile section */

/* Begin PBXFileReference section */
		DE9469D31C7F37AD007A0378 /* TenthChapter.app */ = {isa = PBXFileReference; explicitFileType = wrapper.application; includeInIndex = 0; path = TenthChapter.app; sourceTree = BUILT_PRODUCTS_DIR; };
		DE9469D71C7F37AD007A0378 /* main.m */ = {isa = PBXFileReference; lastKnownFileType = sourcecode.c.objc; path = main.m; sourceTree = "<group>"; };
		DE9469D91C7F37AD007A0378 /* AppDelegate.h */ = {isa = PBXFileReference; lastKnownFileType = sourcecode.c.h; path = AppDelegate.h; sourceTree = "<group>"; };
		DE9469DA1C7F37AD007A0378 /* AppDelegate.m */ = {isa = PBXFileReference; lastKnownFileType = sourcecode.c.objc; path = AppDelegate.m; sourceTree = "<group>"; };
		DE9469DC1C7F37AD007A0378 /* ViewController.h */ = {isa = PBXFileReference; lastKnownFileType = sourcecode.c.h; path = ViewController.h; sourceTree = "<group>"; };
		DE9469DD1C7F37AD007A0378 /* ViewController.m */ = {isa = PBXFileReference; lastKnownFileType = sourcecode.c.objc; path = ViewController.m; sourceTree = "<group>"; };
		DE9469E01C7F37AD007A0378 /* Base */ = {isa = PBXFileReference; lastKnownFileType = file.storyboard; name = Base; path = Base.lproj/Main.storyboard; sourceTree = "<group>"; };
		DE9469E21C7F37AD007A0378 /* Assets.xcassets */ = {isa = PBXFileReference; lastKnownFileType = folder.assetcatalog; path = Assets.xcassets; sourceTree = "<group>"; };
		DE9469E51C7F37AD007A0378 /* Base */ = {isa = PBXFileReference; lastKnownFileType = file.storyboard; name = Base; path = Base.lproj/LaunchScreen.storyboard; sourceTree = "<group>"; };
		DE9469E71C7F37AD007A0378 /* Info.plist */ = {isa = PBXFileReference; lastKnownFileType = text.plist.xml; path = Info.plist; sourceTree = "<group>"; };
/* End PBXFileReference section */

/* Begin PBXFrameworksBuildPhase section */
		DE9469D01C7F37AD007A0378 /* Frameworks */ = {
			isa = PBXFrameworksBuildPhase;
			buildActionMask = 2147483647;
			files = (
			);
			runOnlyForDeploymentPostprocessing = 0;
		};
/* End PBXFrameworksBuildPhase section */

/* Begin PBXGroup section */
		DE9469CA1C7F37AD007A0378 = {
			isa = PBXGroup;
			children = (
				DE9469D51C7F37AD007A0378 /* TenthChapter */,
				DE9469D41C7F37AD007A0378 /* Products */,
			);
			sourceTree = "<group>";
		};
		DE9469D41C7F37AD007A0378 /* Products */ = {
			isa = PBXGroup;
			children = (
				DE9469D31C7F37AD007A0378 /* TenthChapter.app */,
			);
			name = Products;
			sourceTree = "<group>";
		};
		DE9469D51C7F37AD007A0378 /* TenthChapter */ = {
			isa = PBXGroup;
			children = (
				DE9469D91C7F37AD007A0378 /* AppDelegate.h */,
				DE9469DA1C7F37AD007A0378 /* AppDelegate.m */,
				DE9469DC1C7F37AD007A0378 /* ViewController.h */,
				DE9469DD1C7F37AD007A0378 /* ViewController.m */,
				DE9469DF1C7F37AD007A0378 /* Main.storyboard */,
				DE9469E21C7F37AD007A0378 /* Assets.xcassets */,
				DE9469E41C7F37AD007A0378 /* LaunchScreen.storyboard */,
				DE9469E71C7F37AD007A0378 /* Info.plist */,
				DE9469D61C7F37AD007A0378 /* Supporting Files */,
			);
			path = TenthChapter;
			sourceTree = "<group>";
		};
		DE9469D61C7F37AD007A0378 /* Supporting Files */ = {
			isa = PBXGroup;
			children = (
				DE9469D71C7F37AD007A0378 /* main.m */,
			);
			name = "Supporting Files";
			sourceTree = "<group>";
		};
/* End PBXGroup section */

/* Begin PBXNativeTarget section */
		DE9469D21C7F37AD007A0378 /* TenthChapter */ = {
			isa = PBXNativeTarget;
			buildConfigurationList = DE9469EA1C7F37AD007A0378 /* Build configuration list for PBXNativeTarget "TenthChapter" */;
			buildPhases = (
				DE9469CF1C7F37AD007A0378 /* Sources */,
				DE9469D01C7F37AD007A0378 /* Frameworks */,
				DE9469D11C7F37AD007A0378 /* Resources */,
			);
			buildRules = (
			);
			dependencies = (
			);
			name = TenthChapter;
			productName = TenthChapter;
			productReference = DE9469D31C7F37AD007A0378 /* TenthChapter.app */;
			productType = "com.apple.product-type.application";
		};
/* End PBXNativeTarget section */

/* Begin PBXProject section */
		DE9469CB1C7F37AD007A0378 /* Project object */ = {
			isa = PBXProject;
			attributes = {
				LastUpgradeCheck = 0720;
				ORGANIZATIONNAME = chenlongjian;
				TargetAttributes = {
					DE9469D21C7F37AD007A0378 = {
						CreatedOnToolsVersion = 7.2.1;
					};
				};
			};
			buildConfigurationList = DE9469CE1C7F37AD007A0378 /* Build configuration list for PBXProject "TenthChapter" */;
			compatibilityVersion = "Xcode 3.2";
			developmentRegion = English;
			hasScannedForEncodings = 0;
			knownRegions = (
				en,
				Base,
			);
			mainGroup = DE9469CA1C7F37AD007A0378;
			productRefGroup = DE9469D41C7F37AD007A0378 /* Products */;
			projectDirPath = "";
			projectRoot = "";
			targets = (
				DE9469D21C7F37AD007A0378 /* TenthChapter */,
			);
		};
/* End PBXProject section */

/* Begin PBXResourcesBuildPhase section */
		DE9469D11C7F37AD007A0378 /* Resources */ = {
			isa = PBXResourcesBuildPhase;
			buildActionMask = 2147483647;
			files = (
				DE9469E61C7F37AD007A0378 /* LaunchScreen.storyboard in Resources */,
				DE9469E31C7F37AD007A0378 /* Assets.xcassets in Resources */,
				DE9469E11C7F37AD007A0378 /* Main.storyboard in Resources */,
			);
			runOnlyForDeploymentPostprocessing = 0;
		};
/* End PBXResourcesBuildPhase section */

/* Begin PBXSourcesBuildPhase section */
		DE9469CF1C7F37AD007A0378 /* Sources */ = {
			isa = PBXSourcesBuildPhase;
			buildActionMask = 2147483647;
			files = (
				DE9469DE1C7F37AD007A0378 /* ViewController.m in Sources */,
				DE9469DB1C7F37AD007A0378 /* AppDelegate.m in Sources */,
				DE9469D81C7F37AD007A0378 /* main.m in Sources */,
			);
			runOnlyForDeploymentPostprocessing = 0;
		};
/* End PBXSourcesBuildPhase section */

/* Begin PBXVariantGroup section */
		DE9469DF1C7F37AD007A0378 /* Main.storyboard */ = {
			isa = PBXVariantGroup;
			children = (
				DE9469E01C7F37AD007A0378 /* Base */,
			);
			name = Main.storyboard;
			sourceTree = "<group>";
		};
		DE9469E41C7F37AD007A0378 /* LaunchScreen.storyboard */ = {
			isa = PBXVariantGroup;
			children = (
				DE9469E51C7F37AD007A0378 /* Base */,
			);
			name = LaunchScreen.storyboard;
			sourceTree = "<group>";
		};
/* End PBXVariantGroup section */

/* Begin XCBuildConfiguration section */
		DE9469E81C7F37AD007A0378 /* Debug */ = {
			isa = XCBuildConfiguration;
			buildSettings = {
				ALWAYS_SEARCH_USER_PATHS = NO;
				CLANG_CXX_LANGUAGE_STANDARD = "gnu++0x";
				CLANG_CXX_LIBRARY = "libc++";
				CLANG_ENABLE_MODULES = YES;
				CLANG_ENABLE_OBJC_ARC = YES;
				CLANG_WARN_BOOL_CONVERSION = YES;
				CLANG_WARN_CONSTANT_CONVERSION = YES;
				CLANG_WARN_DIRECT_OBJC_ISA_USAGE = YES_ERROR;
				CLANG_WARN_EMPTY_BODY = YES;
				CLANG_WARN_ENUM_CONVERSION = YES;
				CLANG_WARN_INT_CONVERSION = YES;
				CLANG_WARN_OBJC_ROOT_CLASS = YES_ERROR;
				CLANG_WARN_UNREACHABLE_CODE = YES;
				CLANG_WARN__DUPLICATE_METHOD_MATCH = YES;
				"CODE_SIGN_IDENTITY[sdk=iphoneos*]" = "iPhone Developer";
				COPY_PHASE_STRIP = NO;
				DEBUG_INFORMATION_FORMAT = dwarf;
				ENABLE_STRICT_OBJC_MSGSEND = YES;
				ENABLE_TESTABILITY = YES;
				GCC_C_LANGUAGE_STANDARD = gnu99;
				GCC_DYNAMIC_NO_PIC = NO;
				GCC_NO_COMMON_BLOCKS = YES;
				GCC_OPTIMIZATION_LEVEL = 0;
				GCC_PREPROCESSOR_DEFINITIONS = (
					"DEBUG=1",
					"$(inherited)",
				);
				GCC_WARN_64_TO_32_BIT_CONVERSION = YES;
				GCC_WARN_ABOUT_RETURN_TYPE = YES_ERROR;
				GCC_WARN_UNDECLARED_SELECTOR = YES;
				GCC_WARN_UNINITIALIZED_AUTOS = YES_AGGRESSIVE;
				GCC_WARN_UNUSED_FUNCTION = YES;
				GCC_WARN_UNUSED_VARIABLE = YES;
				IPHONEOS_DEPLOYMENT_TARGET = 9.2;
				MTL_ENABLE_DEBUG_INFO = YES;
				ONLY_ACTIVE_ARCH = YES;
				SDKROOT = iphoneos;
			};
			name = Debug;
		};
		DE9469E91C7F37AD007A0378 /* Release */ = {
			isa = XCBuildConfiguration;
			buildSettings = {
				ALWAYS_SEARCH_USER_PATHS = NO;
				CLANG_CXX_LANGUAGE_STANDARD = "gnu++0x";
				CLANG_CXX_LIBRARY = "libc++";
				CLANG_ENABLE_MODULES = YES;
				CLANG_ENABLE_OBJC_ARC = YES;
				CLANG_WARN_BOOL_CONVERSION = YES;
				CLANG_WARN_CONSTANT_CONVERSION = YES;
				CLANG_WARN_DIRECT_OBJC_ISA_USAGE = YES_ERROR;
				CLANG_WARN_EMPTY_BODY = YES;
				CLANG_WARN_ENUM_CONVERSION = YES;
				CLANG_WARN_INT_CONVERSION = YES;
				CLANG_WARN_OBJC_ROOT_CLASS = YES_ERROR;
				CLANG_WARN_UNREACHABLE_CODE = YES;
				CLANG_WARN__DUPLICATE_METHOD_MATCH = YES;
				"CODE_SIGN_IDENTITY[sdk=iphoneos*]" = "iPhone Developer";
				COPY_PHASE_STRIP = NO;
				DEBUG_INFORMATION_FORMAT = "dwarf-with-dsym";
				ENABLE_NS_ASSERTIONS = NO;
				ENABLE_STRICT_OBJC_MSGSEND = YES;
				GCC_C_LANGUAGE_STANDARD = gnu99;
				GCC_NO_COMMON_BLOCKS = YES;
				GCC_WARN_64_TO_32_BIT_CONVERSION = YES;
				GCC_WARN_ABOUT_RETURN_TYPE = YES_ERROR;
				GCC_WARN_UNDECLARED_SELECTOR = YES;
				GCC_WARN_UNINITIALIZED_AUTOS = YES_AGGRESSIVE;
				GCC_WARN_UNUSED_FUNCTION = YES;
				GCC_WARN_UNUSED_VARIABLE = YES;
				IPHONEOS_DEPLOYMENT_TARGET = 9.2;
				MTL_ENABLE_DEBUG_INFO = NO;
				SDKROOT = iphoneos;
				VALIDATE_PRODUCT = YES;
			};
			name = Release;
		};
		DE9469EB1C7F37AD007A0378 /* Debug */ = {
			isa = XCBuildConfiguration;
			buildSettings = {
				ASSETCATALOG_COMPILER_APPICON_NAME = AppIcon;
				INFOPLIST_FILE = TenthChapter/Info.plist;
				LD_RUNPATH_SEARCH_PATHS = "$(inherited) @executable_path/Frameworks";
				PRODUCT_BUNDLE_IDENTIFIER = chenlongjian.TenthChapter;
				PRODUCT_NAME = "$(TARGET_NAME)";
			};
			name = Debug;
		};
		DE9469EC1C7F37AD007A0378 /* Release */ = {
			isa = XCBuildConfiguration;
			buildSettings = {
				ASSETCATALOG_COMPILER_APPICON_NAME = AppIcon;
				INFOPLIST_FILE = TenthChapter/Info.plist;
				LD_RUNPATH_SEARCH_PATHS = "$(inherited) @executable_path/Frameworks";
				PRODUCT_BUNDLE_IDENTIFIER = chenlongjian.TenthChapter;
				PRODUCT_NAME = "$(TARGET_NAME)";
			};
			name = Release;
		};
/* End XCBuildConfiguration section */

/* Begin XCConfigurationList section */
		DE9469CE1C7F37AD007A0378 /* Build configuration list for PBXProject "TenthChapter" */ = {
			isa = XCConfigurationList;
			buildConfigurations = (
				DE9469E81C7F37AD007A0378 /* Debug */,
				DE9469E91C7F37AD007A0378 /* Release */,
			);
			defaultConfigurationIsVisible = 0;
			defaultConfigurationName = Release;
		};
		DE9469EA1C7F37AD007A0378 /* Build configuration list for PBXNativeTarget "TenthChapter" */ = {
			isa = XCConfigurationList;
			buildConfigurations = (
				DE9469EB1C7F37AD007A0378 /* Debug */,
				DE9469EC1C7F37AD007A0378 /* Release */,
			);
			defaultConfigurationIsVisible = 0;
		};
/* End XCConfigurationList section */
	};
	rootObject = DE9469CB1C7F37AD007A0378 /* Project object */;
}
